
Microsoft Visual Studio Solution File, Format Version 12.00
# Visual Studio 15
Project("{FAE04EC0-301F-11D3-BF4B-00C04F79EFBC}") = "Assembly-CSharp", "Assembly-CSharp.csproj", "{E1FE4E08-ED60-F94A-C79E-803147ABD1EC}"
EndProject
Project("{FAE04EC0-301F-11D3-BF4B-00C04F79EFBC}") = "Assembly-CSharp-Editor", "Assembly-CSharp-Editor.csproj", "{EC106D9D-92BB-8405-1C40-D08B180F1FDC}"
EndProject
Global
	GlobalSection(SolutionConfigurationPlatforms) = preSolution
		Debug|Any CPU = Debug|Any CPU
		Release|Any CPU = Release|Any CPU
	EndGlobalSection
	GlobalSection(ProjectConfigurationPlatforms) = postSolution
		{E1FE4E08-ED60-F94A-C79E-803147ABD1EC}.Debug|Any CPU.ActiveCfg = Debug|Any CPU
		{E1FE4E08-ED60-F94A-C79E-803147ABD1EC}.Debug|Any CPU.Build.0 = Debug|Any CPU
		{E1FE4E08-ED60-F94A-C79E-803147ABD1EC}.Release|Any CPU.ActiveCfg = Release|Any CPU
		{E1FE4E08-ED60-F94A-C79E-803147ABD1EC}.Release|Any CPU.Build.0 = Release|Any CPU
		{EC106D9D-92BB-8405-1C40-D08B180F1FDC}.Debug|Any CPU.ActiveCfg = Debug|Any CPU
		{EC106D9D-92BB-8405-1C40-D08B180F1FDC}.Debug|Any CPU.Build.0 = Debug|Any CPU
		{EC106D9D-92BB-8405-1C40-D08B180F1FDC}.Release|Any CPU.ActiveCfg = Release|Any CPU
		{EC106D9D-92BB-8405-1C40-D08B180F1FDC}.Release|Any CPU.Build.0 = Release|Any CPU
	EndGlobalSection
	GlobalSection(SolutionProperties) = preSolution
		HideSolutionNode = FALSE
	EndGlobalSection
EndGlobal
